<?xml version="1.0" encoding="utf-8"?>
<Project ToolsVersion="4.0" xmlns="http://schemas.microsoft.com/developer/msbuild/2003">
  <ItemGroup>
    <Filter Include="Source Files">
      <UniqueIdentifier>{4FC737F1-C7A5-4376-A066-2A32D752A2FF}</UniqueIdentifier>
      <Extensions>cpp;c;cc;cxx;def;odl;idl;hpj;bat;asm;asmx</Extensions>
    </Filter>
    <Filter Include="Header Files">
      <UniqueIdentifier>{93995380-89BD-4b04-88EB-625FBE52EBFB}</UniqueIdentifier>
      <Extensions>h;hh;hpp;hxx;hm;inl;inc;xsd</Extensions>
    </Filter>
    <Filter Include="Misc Files">
      <UniqueIdentifier>{67DA6AB6-F800-4c08-8B7A-83BB121AAD01}</UniqueIdentifier>
      <Extensions>xml;json;txt;rc;ico;cur;bmp;dlg;rc2;rct;bin;rgs;gif;jpg;jpeg;jpe;resx;tiff;tif;png;wav;mfcribbon-ms</Extensions>
    </Filter>
  </ItemGroup>
  <ItemGroup>
    <None Include="BuzzBoxVisualMicro.ino" />
    <None Include="src\arduino folders read me.txt">
      <Filter>Misc Files</Filter>
    </None>
    <None Include="ClassDiagram.cd" />
  </ItemGroup>
  <ItemGroup>
    <ClInclude Include="Code\Bluetooth_Control.h">
      <Filter>Header Files</Filter>
    </ClInclude>
    <ClInclude Include="Code\BluetoothModule.h">
      <Filter>Header Files</Filter>
    </ClInclude>
    <ClInclude Include="Code\Data.h">
      <Filter>Header Files</Filter>
    </ClInclude>
    <ClInclude Include="Code\Data_Storage.h">
      <Filter>Header Files</Filter>
    </ClInclude>
    <ClInclude Include="Code\Hive_Monitor.h">
      <Filter>Header Files</Filter>
    </ClInclude>
    <ClInclude Include="Code\HumidityModule.h">
      <Filter>Header Files</Filter>
    </ClInclude>
    <ClInclude Include="Code\SDModule.h">
      <Filter>Header Files</Filter>
    </ClInclude>
    <ClInclude Include="Code\Sensor_Control.h">
      <Filter>Header Files</Filter>
    </ClInclude>
    <ClInclude Include="Code\Status_Control.h">
      <Filter>Header Files</Filter>
    </ClInclude>
    <ClInclude Include="Code\TemperatureModule.h">
      <Filter>Header Files</Filter>
    </ClInclude>
    <ClInclude Include="Code\WeightModule.h">
      <Filter>Header Files</Filter>
    </ClInclude>
  </ItemGroup>
  <ItemGroup>
    <ClCompile Include="Code\Bluetooth_Control.cpp">
      <Filter>Source Files</Filter>
    </ClCompile>
    <ClCompile Include="Code\BluetoothModule.cpp">
      <Filter>Source Files</Filter>
    </ClCompile>
    <ClCompile Include="Code\Data.cpp">
      <Filter>Source Files</Filter>
    </ClCompile>
    <ClCompile Include="Code\Data_Storage.cpp">
      <Filter>Source Files</Filter>
    </ClCompile>
    <ClCompile Include="Code\Hive_Monitor.cpp">
      <Filter>Source Files</Filter>
    </ClCompile>
    <ClCompile Include="Code\HumidityModule.cpp">
      <Filter>Source Files</Filter>
    </ClCompile>
    <ClCompile Include="Code\SDModule.cpp">
      <Filter>Source Files</Filter>
    </ClCompile>
    <ClCompile Include="Code\Sensor_Control.cpp">
      <Filter>Source Files</Filter>
    </ClCompile>
    <ClCompile Include="Code\Status_Control.cpp">
      <Filter>Source Files</Filter>
    </ClCompile>
    <ClCompile Include="Code\TemperatureModule.cpp">
      <Filter>Source Files</Filter>
    </ClCompile>
    <ClCompile Include="Code\WeightModule.cpp">
      <Filter>Source Files</Filter>
    </ClCompile>
  </ItemGroup>
</Project>